
Microsoft Visual Studio Solution File, Format Version 12.00
# Visual Studio Version 17
VisualStudioVersion = 17.4.33110.190
MinimumVisualStudioVersion = 10.0.40219.1
Project("{9A19103F-16F7-4668-BE54-9A1E7A4F7556}") = "ColonoscopyRecreation", "ColonoscopyRecreation\ColonoscopyRecreation.csproj", "{A8FF0B45-E7DC-435A-A09D-52580CDD27DD}"
EndProject
Project("{FAE04EC0-301F-11D3-BF4B-00C04F79EFBC}") = "TestProject", "TestProject\TestProject.csproj", "{8CD87900-77D6-45FB-8E8F-6C223AA49F83}"
EndProject
Project("{FAE04EC0-301F-11D3-BF4B-00C04F79EFBC}") = "PrototypeTests", "PrototypeTests\PrototypeTests.csproj", "{0FABC1FC-CFC9-459A-A016-0A6A016A1942}"
EndProject
Global
	GlobalSection(SolutionConfigurationPlatforms) = preSolution
		Debug|Any CPU = Debug|Any CPU
		Release|Any CPU = Release|Any CPU
	EndGlobalSection
	GlobalSection(ProjectConfigurationPlatforms) = postSolution
		{A8FF0B45-E7DC-435A-A09D-52580CDD27DD}.Debug|Any CPU.ActiveCfg = Debug|Any CPU
		{A8FF0B45-E7DC-435A-A09D-52580CDD27DD}.Debug|Any CPU.Build.0 = Debug|Any CPU
		{A8FF0B45-E7DC-435A-A09D-52580CDD27DD}.Release|Any CPU.ActiveCfg = Release|Any CPU
		{A8FF0B45-E7DC-435A-A09D-52580CDD27DD}.Release|Any CPU.Build.0 = Release|Any CPU
		{8CD87900-77D6-45FB-8E8F-6C223AA49F83}.Debug|Any CPU.ActiveCfg = Debug|Any CPU
		{8CD87900-77D6-45FB-8E8F-6C223AA49F83}.Debug|Any CPU.Build.0 = Debug|Any CPU
		{8CD87900-77D6-45FB-8E8F-6C223AA49F83}.Release|Any CPU.ActiveCfg = Release|Any CPU
		{8CD87900-77D6-45FB-8E8F-6C223AA49F83}.Release|Any CPU.Build.0 = Release|Any CPU
		{0FABC1FC-CFC9-459A-A016-0A6A016A1942}.Debug|Any CPU.ActiveCfg = Debug|Any CPU
		{0FABC1FC-CFC9-459A-A016-0A6A016A1942}.Debug|Any CPU.Build.0 = Debug|Any CPU
		{0FABC1FC-CFC9-459A-A016-0A6A016A1942}.Release|Any CPU.ActiveCfg = Release|Any CPU
		{0FABC1FC-CFC9-459A-A016-0A6A016A1942}.Release|Any CPU.Build.0 = Release|Any CPU
	EndGlobalSection
	GlobalSection(SolutionProperties) = preSolution
		HideSolutionNode = FALSE
	EndGlobalSection
	GlobalSection(ExtensibilityGlobals) = postSolution
		SolutionGuid = {50684538-689D-43FA-8F69-3D93AB4405A0}
	EndGlobalSection
EndGlobal
